
Microsoft Visual Studio Solution File, Format Version 12.00
# Visual Studio Version 16
VisualStudioVersion = 16.0.33423.256
MinimumVisualStudioVersion = 10.0.40219.1
Project("{FAE04EC0-301F-11D3-BF4B-00C04F79EFBC}") = "EF_CRUD", "EF_CRUD.csproj", "{D62FBB7C-20EF-4903-ABD2-1ED9B2CCCFCB}"
EndProject
Global
	GlobalSection(SolutionConfigurationPlatforms) = preSolution
		Debug|Any CPU = Debug|Any CPU
		Release|Any CPU = Release|Any CPU
	EndGlobalSection
	GlobalSection(ProjectConfigurationPlatforms) = postSolution
		{D62FBB7C-20EF-4903-ABD2-1ED9B2CCCFCB}.Debug|Any CPU.ActiveCfg = Debug|Any CPU
		{D62FBB7C-20EF-4903-ABD2-1ED9B2CCCFCB}.Debug|Any CPU.Build.0 = Debug|Any CPU
		{D62FBB7C-20EF-4903-ABD2-1ED9B2CCCFCB}.Release|Any CPU.ActiveCfg = Release|Any CPU
		{D62FBB7C-20EF-4903-ABD2-1ED9B2CCCFCB}.Release|Any CPU.Build.0 = Release|Any CPU
	EndGlobalSection
	GlobalSection(SolutionProperties) = preSolution
		HideSolutionNode = FALSE
	EndGlobalSection
	GlobalSection(ExtensibilityGlobals) = postSolution
		SolutionGuid = {0AC8C6F3-53A7-4805-A818-E2878A1CD181}
	EndGlobalSection
EndGlobal
